[[package]]
name = "aioredis"
version = "2.0.0"
description = "asyncio (PEP 3156) Redis support"
category = "main"
optional = false
python-versions = ">=3.6"

[package.dependencies]
async-timeout = "*"
typing-extensions = "*"

[package.extras]
hiredis = ["hiredis (>=1.0)"]

[[package]]
name = "async-timeout"
version = "4.0.1"
description = "Timeout context manager for asyncio programs"
category = "main"
optional = false
python-versions = ">=3.6"

[package.dependencies]
typing-extensions = ">=3.6.5"

[[package]]
name = "atomicwrites"
version = "1.4.0"
description = "Atomic file writes."
category = "dev"
optional = false
python-versions = ">=2.7, !=3.0.*, !=3.1.*, !=3.2.*, !=3.3.*"

[[package]]
name = "attrs"
version = "21.2.0"
description = "Classes Without Boilerplate"
category = "dev"
optional = false
python-versions = ">=2.7, !=3.0.*, !=3.1.*, !=3.2.*, !=3.3.*, !=3.4.*"

[package.extras]
dev = ["coverage[toml] (>=5.0.2)", "hypothesis", "pympler", "pytest (>=4.3.0)", "six", "mypy", "pytest-mypy-plugins", "zope.interface", "furo", "sphinx", "sphinx-notfound-page", "pre-commit"]
docs = ["furo", "sphinx", "zope.interface", "sphinx-notfound-page"]
tests = ["coverage[toml] (>=5.0.2)", "hypothesis", "pympler", "pytest (>=4.3.0)", "six", "mypy", "pytest-mypy-plugins", "zope.interface"]
tests_no_zope = ["coverage[toml] (>=5.0.2)", "hypothesis", "pympler", "pytest (>=4.3.0)", "six", "mypy", "pytest-mypy-plugins"]

[[package]]
name = "autoflake"
version = "1.4"
description = "Removes unused imports and unused variables"
category = "dev"
optional = false
python-versions = "*"

[package.dependencies]
pyflakes = ">=1.1.0"

[[package]]
name = "backports.entry-points-selectable"
version = "1.1.1"
description = "Compatibility shim providing selectable entry points for older implementations"
category = "dev"
optional = false
python-versions = ">=2.7"

[package.extras]
docs = ["sphinx", "jaraco.packaging (>=8.2)", "rst.linker (>=1.9)"]
testing = ["pytest", "pytest-flake8", "pytest-cov", "pytest-black (>=0.3.7)", "pytest-mypy", "pytest-checkdocs (>=2.4)", "pytest-enabler (>=1.0.1)"]

[[package]]
name = "codespell"
version = "2.1.0"
description = "Codespell"
category = "dev"
optional = false
python-versions = ">=3.5"

[package.extras]
dev = ["check-manifest", "flake8", "pytest", "pytest-cov", "pytest-dependency"]
hard-encoding-detection = ["chardet"]

[[package]]
name = "colorama"
version = "0.4.4"
description = "Cross-platform colored terminal text."
category = "dev"
optional = false
python-versions = ">=2.7, !=3.0.*, !=3.1.*, !=3.2.*, !=3.3.*, !=3.4.*"

[[package]]
name = "coverage"
version = "6.1.2"
description = "Code coverage measurement for Python"
category = "dev"
optional = false
python-versions = ">=3.6"

[package.extras]
toml = ["tomli"]

[[package]]
name = "dill"
version = "0.3.4"
description = "serialize all of python"
category = "main"
optional = true
python-versions = ">=2.7, !=3.0.*"

[package.extras]
graph = ["objgraph (>=1.7.2)"]

[[package]]
name = "distlib"
version = "0.3.3"
description = "Distribution utilities"
category = "dev"
optional = false
python-versions = "*"

[[package]]
name = "execnet"
version = "1.9.0"
description = "execnet: rapid multi-Python deployment"
category = "dev"
optional = false
python-versions = ">=2.7, !=3.0.*, !=3.1.*, !=3.2.*, !=3.3.*, !=3.4.*"

[package.extras]
testing = ["pre-commit"]

[[package]]
name = "filelock"
version = "3.4.0"
description = "A platform independent file lock."
category = "dev"
optional = false
python-versions = ">=3.6"

[package.extras]
docs = ["furo (>=2021.8.17b43)", "sphinx (>=4.1)", "sphinx-autodoc-typehints (>=1.12)"]
testing = ["covdefaults (>=1.2.0)", "coverage (>=4)", "pytest (>=4)", "pytest-cov", "pytest-timeout (>=1.4.2)"]

[[package]]
name = "hiredis"
version = "2.0.0"
description = "Python wrapper for hiredis"
category = "main"
optional = false
python-versions = ">=3.6"

[[package]]
name = "iniconfig"
version = "1.1.1"
description = "iniconfig: brain-dead simple config-ini parsing"
category = "dev"
optional = false
python-versions = "*"

[[package]]
name = "invoke"
version = "1.6.0"
description = "Pythonic task execution"
category = "dev"
optional = false
python-versions = "*"

[[package]]
name = "isort"
version = "5.10.1"
description = "A Python utility / library to sort Python imports."
category = "dev"
optional = false
python-versions = ">=3.6.1,<4.0"

[package.extras]
pipfile_deprecated_finder = ["pipreqs", "requirementslib"]
requirements_deprecated_finder = ["pipreqs", "pip-api"]
colors = ["colorama (>=0.4.3,<0.5.0)"]
plugins = ["setuptools"]

[[package]]
name = "packaging"
version = "21.2"
description = "Core utilities for Python packages"
category = "dev"
optional = false
python-versions = ">=3.6"

[package.dependencies]
pyparsing = ">=2.0.2,<3"

[[package]]
name = "platformdirs"
version = "2.4.0"
description = "A small Python module for determining appropriate platform-specific dirs, e.g. a \"user data dir\"."
category = "dev"
optional = false
python-versions = ">=3.6"

[package.extras]
docs = ["Sphinx (>=4)", "furo (>=2021.7.5b38)", "proselint (>=0.10.2)", "sphinx-autodoc-typehints (>=1.12)"]
test = ["appdirs (==1.4.4)", "pytest (>=6)", "pytest-cov (>=2.7)", "pytest-mock (>=3.6)"]

[[package]]
name = "pluggy"
version = "1.0.0"
description = "plugin and hook calling mechanisms for python"
category = "dev"
optional = false
python-versions = ">=3.6"

[package.extras]
dev = ["pre-commit", "tox"]
testing = ["pytest", "pytest-benchmark"]

[[package]]
name = "py"
version = "1.11.0"
description = "library with cross-python path, ini-parsing, io, code, log facilities"
category = "dev"
optional = false
python-versions = ">=2.7, !=3.0.*, !=3.1.*, !=3.2.*, !=3.3.*, !=3.4.*"

[[package]]
name = "pyflakes"
version = "2.4.0"
description = "passive checker of Python programs"
category = "dev"
optional = false
python-versions = ">=2.7, !=3.0.*, !=3.1.*, !=3.2.*, !=3.3.*"

[[package]]
name = "pyparsing"
version = "2.4.7"
description = "Python parsing module"
category = "dev"
optional = false
python-versions = ">=2.6, !=3.0.*, !=3.1.*, !=3.2.*"

[[package]]
name = "pytest"
version = "6.2.5"
description = "pytest: simple powerful testing with Python"
category = "dev"
optional = false
python-versions = ">=3.6"

[package.dependencies]
atomicwrites = {version = ">=1.0", markers = "sys_platform == \"win32\""}
attrs = ">=19.2.0"
colorama = {version = "*", markers = "sys_platform == \"win32\""}
iniconfig = "*"
packaging = "*"
pluggy = ">=0.12,<2.0"
py = ">=1.8.2"
toml = "*"

[package.extras]
testing = ["argcomplete", "hypothesis (>=3.56)", "mock", "nose", "requests", "xmlschema"]

[[package]]
name = "pytest-asyncio"
version = "0.15.1"
description = "Pytest support for asyncio."
category = "dev"
optional = false
python-versions = ">= 3.6"

[package.dependencies]
pytest = ">=5.4.0"

[package.extras]
testing = ["coverage", "hypothesis (>=5.7.1)"]

[[package]]
name = "pytest-cov"
version = "2.12.1"
description = "Pytest plugin for measuring coverage."
category = "dev"
optional = false
python-versions = ">=2.7, !=3.0.*, !=3.1.*, !=3.2.*, !=3.3.*, !=3.4.*"

[package.dependencies]
coverage = ">=5.2.1"
pytest = ">=4.6"
toml = "*"

[package.extras]
testing = ["fields", "hunter", "process-tests", "six", "pytest-xdist", "virtualenv"]

[[package]]
name = "pytest-forked"
version = "1.3.0"
description = "run tests in isolated forked subprocesses"
category = "dev"
optional = false
python-versions = ">=2.7, !=3.0.*, !=3.1.*, !=3.2.*, !=3.3.*, !=3.4.*"

[package.dependencies]
py = "*"
pytest = ">=3.10"

[[package]]
name = "pytest-xdist"
version = "2.4.0"
description = "pytest xdist plugin for distributed testing and loop-on-failing modes"
category = "dev"
optional = false
python-versions = ">=3.6"

[package.dependencies]
execnet = ">=1.1"
pytest = ">=6.0.0"
pytest-forked = "*"

[package.extras]
psutil = ["psutil (>=3.0)"]
setproctitle = ["setproctitle"]
testing = ["filelock"]

[[package]]
name = "six"
version = "1.16.0"
description = "Python 2 and 3 compatibility utilities"
category = "dev"
optional = false
python-versions = ">=2.7, !=3.0.*, !=3.1.*, !=3.2.*"

[[package]]
name = "toml"
version = "0.10.2"
description = "Python Library for Tom's Obvious, Minimal Language"
category = "dev"
optional = false
python-versions = ">=2.6, !=3.0.*, !=3.1.*, !=3.2.*"

[[package]]
name = "toolz"
version = "0.11.2"
description = "List processing tools and functional utilities"
category = "main"
optional = false
python-versions = ">=3.5"

[[package]]
name = "tox"
version = "3.24.4"
description = "tox is a generic virtualenv management and test command line tool"
category = "dev"
optional = false
python-versions = "!=3.0.*,!=3.1.*,!=3.2.*,!=3.3.*,!=3.4.*,>=2.7"

[package.dependencies]
colorama = {version = ">=0.4.1", markers = "platform_system == \"Windows\""}
filelock = ">=3.0.0"
packaging = ">=14"
pluggy = ">=0.12.0"
py = ">=1.4.17"
six = ">=1.14.0"
toml = ">=0.9.4"
virtualenv = ">=16.0.0,<20.0.0 || >20.0.0,<20.0.1 || >20.0.1,<20.0.2 || >20.0.2,<20.0.3 || >20.0.3,<20.0.4 || >20.0.4,<20.0.5 || >20.0.5,<20.0.6 || >20.0.6,<20.0.7 || >20.0.7"

[package.extras]
docs = ["pygments-github-lexers (>=0.0.5)", "sphinx (>=2.0.0)", "sphinxcontrib-autoprogram (>=0.1.5)", "towncrier (>=18.5.0)"]
testing = ["flaky (>=3.4.0)", "freezegun (>=0.3.11)", "psutil (>=5.6.1)", "pytest (>=4.0.0)", "pytest-cov (>=2.5.1)", "pytest-mock (>=1.10.0)", "pytest-randomly (>=1.0.0)", "pytest-xdist (>=1.22.2)", "pathlib2 (>=2.3.3)"]

[[package]]
name = "typing-extensions"
version = "4.0.0"
description = "Backported and Experimental Type Hints for Python 3.6+"
category = "main"
optional = false
python-versions = ">=3.6"

[[package]]
name = "ujson"
version = "4.2.0"
description = "Ultra fast JSON encoder and decoder for Python"
category = "main"
optional = true
python-versions = ">=3.6"

[[package]]
name = "virtualenv"
version = "20.10.0"
description = "Virtual Python Environment builder"
category = "dev"
optional = false
python-versions = "!=3.0.*,!=3.1.*,!=3.2.*,!=3.3.*,!=3.4.*,>=2.7"

[package.dependencies]
"backports.entry-points-selectable" = ">=1.0.4"
distlib = ">=0.3.1,<1"
filelock = ">=3.2,<4"
platformdirs = ">=2,<3"
six = ">=1.9.0,<2"

[package.extras]
docs = ["proselint (>=0.10.2)", "sphinx (>=3)", "sphinx-argparse (>=0.2.5)", "sphinx-rtd-theme (>=0.4.3)", "towncrier (>=21.3)"]
testing = ["coverage (>=4)", "coverage-enable-subprocess (>=1)", "flaky (>=3)", "pytest (>=4)", "pytest-env (>=0.6.2)", "pytest-freezegun (>=0.4.1)", "pytest-mock (>=2)", "pytest-randomly (>=1)", "pytest-timeout (>=1)", "packaging (>=20.0)"]

[[package]]
name = "vulture"
version = "2.3"
description = "Find dead code"
category = "dev"
optional = false
python-versions = ">=3.6"

[package.dependencies]
toml = "*"

[[package]]
name = "yapf"
version = "0.31.0"
description = "A formatter for Python code."
category = "dev"
optional = false
python-versions = "*"

[extras]
dill = ["dill"]
ujson = ["ujson"]

[metadata]
lock-version = "1.1"
python-versions = ">=3.8,<4.0"
content-hash = "2f6196a3b2e862e6587061be9055e89926fd7d825cb595999d6e7228a70dfbe3"

[metadata.files]
aioredis = [
    {file = "aioredis-2.0.0-py3-none-any.whl", hash = "sha256:9921d68a3df5c5cdb0d5b49ad4fc88a4cfdd60c108325df4f0066e8410c55ffb"},
    {file = "aioredis-2.0.0.tar.gz", hash = "sha256:3a2de4b614e6a5f8e104238924294dc4e811aefbe17ddf52c04a93cbf06e67db"},
]
async-timeout = [
    {file = "async-timeout-4.0.1.tar.gz", hash = "sha256:b930cb161a39042f9222f6efb7301399c87eeab394727ec5437924a36d6eef51"},
    {file = "async_timeout-4.0.1-py3-none-any.whl", hash = "sha256:a22c0b311af23337eb05fcf05a8b51c3ea53729d46fb5460af62bee033cec690"},
]
atomicwrites = [
    {file = "atomicwrites-1.4.0-py2.py3-none-any.whl", hash = "sha256:6d1784dea7c0c8d4a5172b6c620f40b6e4cbfdf96d783691f2e1302a7b88e197"},
    {file = "atomicwrites-1.4.0.tar.gz", hash = "sha256:ae70396ad1a434f9c7046fd2dd196fc04b12f9e91ffb859164193be8b6168a7a"},
]
attrs = [
    {file = "attrs-21.2.0-py2.py3-none-any.whl", hash = "sha256:149e90d6d8ac20db7a955ad60cf0e6881a3f20d37096140088356da6c716b0b1"},
    {file = "attrs-21.2.0.tar.gz", hash = "sha256:ef6aaac3ca6cd92904cdd0d83f629a15f18053ec84e6432106f7a4d04ae4f5fb"},
]
autoflake = [
    {file = "autoflake-1.4.tar.gz", hash = "sha256:61a353012cff6ab94ca062823d1fb2f692c4acda51c76ff83a8d77915fba51ea"},
]
"backports.entry-points-selectable" = [
    {file = "backports.entry_points_selectable-1.1.1-py2.py3-none-any.whl", hash = "sha256:7fceed9532a7aa2bd888654a7314f864a3c16a4e710b34a58cfc0f08114c663b"},
    {file = "backports.entry_points_selectable-1.1.1.tar.gz", hash = "sha256:914b21a479fde881635f7af5adc7f6e38d6b274be32269070c53b698c60d5386"},
]
codespell = [
    {file = "codespell-2.1.0-py3-none-any.whl", hash = "sha256:b864c7d917316316ac24272ee992d7937c3519be4569209c5b60035ac5d569b5"},
    {file = "codespell-2.1.0.tar.gz", hash = "sha256:19d3fe5644fef3425777e66f225a8c82d39059dcfe9edb3349a8a2cf48383ee5"},
]
colorama = [
    {file = "colorama-0.4.4-py2.py3-none-any.whl", hash = "sha256:9f47eda37229f68eee03b24b9748937c7dc3868f906e8ba69fbcbdd3bc5dc3e2"},
    {file = "colorama-0.4.4.tar.gz", hash = "sha256:5941b2b48a20143d2267e95b1c2a7603ce057ee39fd88e7329b0c292aa16869b"},
]
coverage = [
    {file = "coverage-6.1.2-cp310-cp310-macosx_10_9_x86_64.whl", hash = "sha256:675adb3b3380967806b3cbb9c5b00ceb29b1c472692100a338730c1d3e59c8b9"},
    {file = "coverage-6.1.2-cp310-cp310-manylinux_2_17_aarch64.manylinux2014_aarch64.whl", hash = "sha256:95a58336aa111af54baa451c33266a8774780242cab3704b7698d5e514840758"},
    {file = "coverage-6.1.2-cp310-cp310-manylinux_2_5_i686.manylinux1_i686.manylinux_2_12_i686.manylinux2010_i686.whl", hash = "sha256:d0a595a781f8e186580ff8e3352dd4953b1944289bec7705377c80c7e36c4d6c"},
    {file = "coverage-6.1.2-cp310-cp310-manylinux_2_5_x86_64.manylinux1_x86_64.manylinux_2_12_x86_64.manylinux2010_x86_64.whl", hash = "sha256:d3c5f49ce6af61154060640ad3b3281dbc46e2e0ef2fe78414d7f8a324f0b649"},
    {file = "coverage-6.1.2-cp310-cp310-musllinux_1_1_aarch64.whl", hash = "sha256:310c40bed6b626fd1f463e5a83dba19a61c4eb74e1ac0d07d454ebbdf9047e9d"},
    {file = "coverage-6.1.2-cp310-cp310-musllinux_1_1_i686.whl", hash = "sha256:a4d48e42e17d3de212f9af44f81ab73b9378a4b2b8413fd708d0d9023f2bbde4"},
    {file = "coverage-6.1.2-cp310-cp310-musllinux_1_1_x86_64.whl", hash = "sha256:ffa545230ca2ad921ad066bf8fd627e7be43716b6e0fcf8e32af1b8188ccb0ab"},
    {file = "coverage-6.1.2-cp310-cp310-win32.whl", hash = "sha256:cd2d11a59afa5001ff28073ceca24ae4c506da4355aba30d1e7dd2bd0d2206dc"},
    {file = "coverage-6.1.2-cp310-cp310-win_amd64.whl", hash = "sha256:96129e41405887a53a9cc564f960d7f853cc63d178f3a182fdd302e4cab2745b"},
    {file = "coverage-6.1.2-cp311-cp311-macosx_10_14_x86_64.whl", hash = "sha256:1de9c6f5039ee2b1860b7bad2c7bc3651fbeb9368e4c4d93e98a76358cdcb052"},
    {file = "coverage-6.1.2-cp311-cp311-manylinux_2_5_x86_64.manylinux1_x86_64.whl", hash = "sha256:80cb70264e9a1d04b519cdba3cd0dc42847bf8e982a4d55c769b9b0ee7cdce1e"},
    {file = "coverage-6.1.2-cp311-cp311-win_amd64.whl", hash = "sha256:ba6125d4e55c0b8e913dad27b22722eac7abdcb1f3eab1bd090eee9105660266"},
    {file = "coverage-6.1.2-cp36-cp36m-macosx_10_9_x86_64.whl", hash = "sha256:8492d37acdc07a6eac6489f6c1954026f2260a85a4c2bb1e343fe3d35f5ee21a"},
    {file = "coverage-6.1.2-cp36-cp36m-manylinux_2_17_aarch64.manylinux2014_aarch64.whl", hash = "sha256:66af99c7f7b64d050d37e795baadf515b4561124f25aae6e1baa482438ecc388"},
    {file = "coverage-6.1.2-cp36-cp36m-manylinux_2_5_i686.manylinux1_i686.manylinux_2_12_i686.manylinux2010_i686.whl", hash = "sha256:ebcc03e1acef4ff44f37f3c61df478d6e469a573aa688e5a162f85d7e4c3860d"},
    {file = "coverage-6.1.2-cp36-cp36m-manylinux_2_5_x86_64.manylinux1_x86_64.manylinux_2_12_x86_64.manylinux2010_x86_64.whl", hash = "sha256:98d44a8136eebbf544ad91fef5bd2b20ef0c9b459c65a833c923d9aa4546b204"},
    {file = "coverage-6.1.2-cp36-cp36m-musllinux_1_1_aarch64.whl", hash = "sha256:c18725f3cffe96732ef96f3de1939d81215fd6d7d64900dcc4acfe514ea4fcbf"},
    {file = "coverage-6.1.2-cp36-cp36m-musllinux_1_1_i686.whl", hash = "sha256:c8e9c4bcaaaa932be581b3d8b88b677489975f845f7714efc8cce77568b6711c"},
    {file = "coverage-6.1.2-cp36-cp36m-musllinux_1_1_x86_64.whl", hash = "sha256:06d009e8a29483cbc0520665bc46035ffe9ae0e7484a49f9782c2a716e37d0a0"},
    {file = "coverage-6.1.2-cp36-cp36m-win32.whl", hash = "sha256:e5432d9c329b11c27be45ee5f62cf20a33065d482c8dec1941d6670622a6fb8f"},
    {file = "coverage-6.1.2-cp36-cp36m-win_amd64.whl", hash = "sha256:82fdcb64bf08aa5db881db061d96db102c77397a570fbc112e21c48a4d9cb31b"},
    {file = "coverage-6.1.2-cp37-cp37m-macosx_10_9_x86_64.whl", hash = "sha256:94f558f8555e79c48c422045f252ef41eb43becdd945e9c775b45ebfc0cbd78f"},
    {file = "coverage-6.1.2-cp37-cp37m-manylinux_2_17_aarch64.manylinux2014_aarch64.whl", hash = "sha256:046647b96969fda1ae0605f61288635209dd69dcd27ba3ec0bf5148bc157f954"},
    {file = "coverage-6.1.2-cp37-cp37m-manylinux_2_5_i686.manylinux1_i686.manylinux_2_12_i686.manylinux2010_i686.whl", hash = "sha256:cc799916b618ec9fd00135e576424165691fec4f70d7dc12cfaef09268a2478c"},
    {file = "coverage-6.1.2-cp37-cp37m-manylinux_2_5_x86_64.manylinux1_x86_64.manylinux_2_12_x86_64.manylinux2010_x86_64.whl", hash = "sha256:62646d98cf0381ffda301a816d6ac6c35fc97aa81b09c4c52d66a15c4bef9d7c"},
    {file = "coverage-6.1.2-cp37-cp37m-musllinux_1_1_aarch64.whl", hash = "sha256:27a3df08a855522dfef8b8635f58bab81341b2fb5f447819bc252da3aa4cf44c"},
    {file = "coverage-6.1.2-cp37-cp37m-musllinux_1_1_i686.whl", hash = "sha256:610c0ba11da8de3a753dc4b1f71894f9f9debfdde6559599f303286e70aeb0c2"},
    {file = "coverage-6.1.2-cp37-cp37m-musllinux_1_1_x86_64.whl", hash = "sha256:35b246ae3a2c042dc8f410c94bcb9754b18179cdb81ff9477a9089dbc9ecc186"},
    {file = "coverage-6.1.2-cp37-cp37m-win32.whl", hash = "sha256:0cde7d9fe2fb55ff68ebe7fb319ef188e9b88e0a3d1c9c5db7dd829cd93d2193"},
    {file = "coverage-6.1.2-cp37-cp37m-win_amd64.whl", hash = "sha256:958ac66272ff20e63d818627216e3d7412fdf68a2d25787b89a5c6f1eb7fdd93"},
    {file = "coverage-6.1.2-cp38-cp38-macosx_10_9_x86_64.whl", hash = "sha256:a300b39c3d5905686c75a369d2a66e68fd01472ea42e16b38c948bd02b29e5bd"},
    {file = "coverage-6.1.2-cp38-cp38-manylinux_2_17_aarch64.manylinux2014_aarch64.whl", hash = "sha256:5d3855d5d26292539861f5ced2ed042fc2aa33a12f80e487053aed3bcb6ced13"},
    {file = "coverage-6.1.2-cp38-cp38-manylinux_2_5_i686.manylinux1_i686.manylinux_2_12_i686.manylinux2010_i686.whl", hash = "sha256:586d38dfc7da4a87f5816b203ff06dd7c1bb5b16211ccaa0e9788a8da2b93696"},
    {file = "coverage-6.1.2-cp38-cp38-manylinux_2_5_x86_64.manylinux1_x86_64.manylinux_2_12_x86_64.manylinux2010_x86_64.whl", hash = "sha256:a34fccb45f7b2d890183a263578d60a392a1a218fdc12f5bce1477a6a68d4373"},
    {file = "coverage-6.1.2-cp38-cp38-musllinux_1_1_aarch64.whl", hash = "sha256:bc1ee1318f703bc6c971da700d74466e9b86e0c443eb85983fb2a1bd20447263"},
    {file = "coverage-6.1.2-cp38-cp38-musllinux_1_1_i686.whl", hash = "sha256:3f546f48d5d80a90a266769aa613bc0719cb3e9c2ef3529d53f463996dd15a9d"},
    {file = "coverage-6.1.2-cp38-cp38-musllinux_1_1_x86_64.whl", hash = "sha256:fd92ece726055e80d4e3f01fff3b91f54b18c9c357c48fcf6119e87e2461a091"},
    {file = "coverage-6.1.2-cp38-cp38-win32.whl", hash = "sha256:24ed38ec86754c4d5a706fbd5b52b057c3df87901a8610d7e5642a08ec07087e"},
    {file = "coverage-6.1.2-cp38-cp38-win_amd64.whl", hash = "sha256:97ef6e9119bd39d60ef7b9cd5deea2b34869c9f0b9777450a7e3759c1ab09b9b"},
    {file = "coverage-6.1.2-cp39-cp39-macosx_10_9_x86_64.whl", hash = "sha256:6e5a8c947a2a89c56655ecbb789458a3a8e3b0cbf4c04250331df8f647b3de59"},
    {file = "coverage-6.1.2-cp39-cp39-manylinux_2_17_aarch64.manylinux2014_aarch64.whl", hash = "sha256:7a39590d1e6acf6a3c435c5d233f72f5d43b585f5be834cff1f21fec4afda225"},
    {file = "coverage-6.1.2-cp39-cp39-manylinux_2_5_i686.manylinux1_i686.manylinux_2_12_i686.manylinux2010_i686.whl", hash = "sha256:9d2c2e3ce7b8cc932a2f918186964bd44de8c84e2f9ef72dc616f5bb8be22e71"},
    {file = "coverage-6.1.2-cp39-cp39-manylinux_2_5_x86_64.manylinux1_x86_64.manylinux_2_12_x86_64.manylinux2010_x86_64.whl", hash = "sha256:3348865798c077c695cae00da0924136bb5cc501f236cfd6b6d9f7a3c94e0ec4"},
    {file = "coverage-6.1.2-cp39-cp39-win32.whl", hash = "sha256:fae3fe111670e51f1ebbc475823899524e3459ea2db2cb88279bbfb2a0b8a3de"},
    {file = "coverage-6.1.2-cp39-cp39-win_amd64.whl", hash = "sha256:af45eea024c0e3a25462fade161afab4f0d9d9e0d5a5d53e86149f74f0a35ecc"},
    {file = "coverage-6.1.2-pp36.pp37.pp38-none-any.whl", hash = "sha256:eab14fdd410500dae50fd14ccc332e65543e7b39f6fc076fe90603a0e5d2f929"},
    {file = "coverage-6.1.2.tar.gz", hash = "sha256:d9a635114b88c0ab462e0355472d00a180a5fbfd8511e7f18e4ac32652e7d972"},
]
dill = [
    {file = "dill-0.3.4-py2.py3-none-any.whl", hash = "sha256:7e40e4a70304fd9ceab3535d36e58791d9c4a776b38ec7f7ec9afc8d3dca4d4f"},
    {file = "dill-0.3.4.zip", hash = "sha256:9f9734205146b2b353ab3fec9af0070237b6ddae78452af83d2fca84d739e675"},
]
distlib = [
    {file = "distlib-0.3.3-py2.py3-none-any.whl", hash = "sha256:c8b54e8454e5bf6237cc84c20e8264c3e991e824ef27e8f1e81049867d861e31"},
    {file = "distlib-0.3.3.zip", hash = "sha256:d982d0751ff6eaaab5e2ec8e691d949ee80eddf01a62eaa96ddb11531fe16b05"},
]
execnet = [
    {file = "execnet-1.9.0-py2.py3-none-any.whl", hash = "sha256:a295f7cc774947aac58dde7fdc85f4aa00c42adf5d8f5468fc630c1acf30a142"},
    {file = "execnet-1.9.0.tar.gz", hash = "sha256:8f694f3ba9cc92cab508b152dcfe322153975c29bda272e2fd7f3f00f36e47c5"},
]
filelock = [
    {file = "filelock-3.4.0-py3-none-any.whl", hash = "sha256:2e139a228bcf56dd8b2274a65174d005c4a6b68540ee0bdbb92c76f43f29f7e8"},
    {file = "filelock-3.4.0.tar.gz", hash = "sha256:93d512b32a23baf4cac44ffd72ccf70732aeff7b8050fcaf6d3ec406d954baf4"},
]
hiredis = [
    {file = "hiredis-2.0.0-cp36-cp36m-macosx_10_9_x86_64.whl", hash = "sha256:b4c8b0bc5841e578d5fb32a16e0c305359b987b850a06964bd5a62739d688048"},
    {file = "hiredis-2.0.0-cp36-cp36m-manylinux1_i686.whl", hash = "sha256:0adea425b764a08270820531ec2218d0508f8ae15a448568109ffcae050fee26"},
    {file = "hiredis-2.0.0-cp36-cp36m-manylinux1_x86_64.whl", hash = "sha256:3d55e36715ff06cdc0ab62f9591607c4324297b6b6ce5b58cb9928b3defe30ea"},
    {file = "hiredis-2.0.0-cp36-cp36m-manylinux2010_i686.whl", hash = "sha256:5d2a48c80cf5a338d58aae3c16872f4d452345e18350143b3bf7216d33ba7b99"},
    {file = "hiredis-2.0.0-cp36-cp36m-manylinux2010_x86_64.whl", hash = "sha256:240ce6dc19835971f38caf94b5738092cb1e641f8150a9ef9251b7825506cb05"},
    {file = "hiredis-2.0.0-cp36-cp36m-manylinux2014_aarch64.whl", hash = "sha256:5dc7a94bb11096bc4bffd41a3c4f2b958257085c01522aa81140c68b8bf1630a"},
    {file = "hiredis-2.0.0-cp36-cp36m-win32.whl", hash = "sha256:139705ce59d94eef2ceae9fd2ad58710b02aee91e7fa0ccb485665ca0ecbec63"},
    {file = "hiredis-2.0.0-cp36-cp36m-win_amd64.whl", hash = "sha256:c39c46d9e44447181cd502a35aad2bb178dbf1b1f86cf4db639d7b9614f837c6"},
    {file = "hiredis-2.0.0-cp37-cp37m-macosx_10_9_x86_64.whl", hash = "sha256:adf4dd19d8875ac147bf926c727215a0faf21490b22c053db464e0bf0deb0485"},
    {file = "hiredis-2.0.0-cp37-cp37m-manylinux1_i686.whl", hash = "sha256:0f41827028901814c709e744060843c77e78a3aca1e0d6875d2562372fcb405a"},
    {file = "hiredis-2.0.0-cp37-cp37m-manylinux1_x86_64.whl", hash = "sha256:508999bec4422e646b05c95c598b64bdbef1edf0d2b715450a078ba21b385bcc"},
    {file = "hiredis-2.0.0-cp37-cp37m-manylinux2010_i686.whl", hash = "sha256:0d5109337e1db373a892fdcf78eb145ffb6bbd66bb51989ec36117b9f7f9b579"},
    {file = "hiredis-2.0.0-cp37-cp37m-manylinux2010_x86_64.whl", hash = "sha256:04026461eae67fdefa1949b7332e488224eac9e8f2b5c58c98b54d29af22093e"},
    {file = "hiredis-2.0.0-cp37-cp37m-manylinux2014_aarch64.whl", hash = "sha256:a00514362df15af041cc06e97aebabf2895e0a7c42c83c21894be12b84402d79"},
    {file = "hiredis-2.0.0-cp37-cp37m-win32.whl", hash = "sha256:09004096e953d7ebd508cded79f6b21e05dff5d7361771f59269425108e703bc"},
    {file = "hiredis-2.0.0-cp37-cp37m-win_amd64.whl", hash = "sha256:f8196f739092a78e4f6b1b2172679ed3343c39c61a3e9d722ce6fcf1dac2824a"},
    {file = "hiredis-2.0.0-cp38-cp38-macosx_10_9_x86_64.whl", hash = "sha256:294a6697dfa41a8cba4c365dd3715abc54d29a86a40ec6405d677ca853307cfb"},
    {file = "hiredis-2.0.0-cp38-cp38-manylinux1_i686.whl", hash = "sha256:3dddf681284fe16d047d3ad37415b2e9ccdc6c8986c8062dbe51ab9a358b50a5"},
    {file = "hiredis-2.0.0-cp38-cp38-manylinux1_x86_64.whl", hash = "sha256:dcef843f8de4e2ff5e35e96ec2a4abbdf403bd0f732ead127bd27e51f38ac298"},
    {file = "hiredis-2.0.0-cp38-cp38-manylinux2010_i686.whl", hash = "sha256:87c7c10d186f1743a8fd6a971ab6525d60abd5d5d200f31e073cd5e94d7e7a9d"},
    {file = "hiredis-2.0.0-cp38-cp38-manylinux2010_x86_64.whl", hash = "sha256:7f0055f1809b911ab347a25d786deff5e10e9cf083c3c3fd2dd04e8612e8d9db"},
    {file = "hiredis-2.0.0-cp38-cp38-manylinux2014_aarch64.whl", hash = "sha256:11d119507bb54e81f375e638225a2c057dda748f2b1deef05c2b1a5d42686048"},
    {file = "hiredis-2.0.0-cp38-cp38-win32.whl", hash = "sha256:7492af15f71f75ee93d2a618ca53fea8be85e7b625e323315169977fae752426"},
    {file = "hiredis-2.0.0-cp38-cp38-win_amd64.whl", hash = "sha256:65d653df249a2f95673976e4e9dd7ce10de61cfc6e64fa7eeaa6891a9559c581"},
    {file = "hiredis-2.0.0-cp39-cp39-macosx_10_9_x86_64.whl", hash = "sha256:ae8427a5e9062ba66fc2c62fb19a72276cf12c780e8db2b0956ea909c48acff5"},
    {file = "hiredis-2.0.0-cp39-cp39-manylinux1_i686.whl", hash = "sha256:3f5f7e3a4ab824e3de1e1700f05ad76ee465f5f11f5db61c4b297ec29e692b2e"},
    {file = "hiredis-2.0.0-cp39-cp39-manylinux1_x86_64.whl", hash = "sha256:e3447d9e074abf0e3cd85aef8131e01ab93f9f0e86654db7ac8a3f73c63706ce"},
    {file = "hiredis-2.0.0-cp39-cp39-manylinux2010_i686.whl", hash = "sha256:8b42c0dc927b8d7c0eb59f97e6e34408e53bc489f9f90e66e568f329bff3e443"},
    {file = "hiredis-2.0.0-cp39-cp39-manylinux2010_x86_64.whl", hash = "sha256:b84f29971f0ad4adaee391c6364e6f780d5aae7e9226d41964b26b49376071d0"},
    {file = "hiredis-2.0.0-cp39-cp39-manylinux2014_aarch64.whl", hash = "sha256:0b39ec237459922c6544d071cdcf92cbb5bc6685a30e7c6d985d8a3e3a75326e"},
    {file = "hiredis-2.0.0-cp39-cp39-win32.whl", hash = "sha256:a7928283143a401e72a4fad43ecc85b35c27ae699cf5d54d39e1e72d97460e1d"},
    {file = "hiredis-2.0.0-cp39-cp39-win_amd64.whl", hash = "sha256:a4ee8000454ad4486fb9f28b0cab7fa1cd796fc36d639882d0b34109b5b3aec9"},
    {file = "hiredis-2.0.0-pp36-pypy36_pp73-macosx_10_9_x86_64.whl", hash = "sha256:1f03d4dadd595f7a69a75709bc81902673fa31964c75f93af74feac2f134cc54"},
    {file = "hiredis-2.0.0-pp36-pypy36_pp73-manylinux1_x86_64.whl", hash = "sha256:04927a4c651a0e9ec11c68e4427d917e44ff101f761cd3b5bc76f86aaa431d27"},
    {file = "hiredis-2.0.0-pp36-pypy36_pp73-manylinux2010_x86_64.whl", hash = "sha256:a39efc3ade8c1fb27c097fd112baf09d7fd70b8cb10ef1de4da6efbe066d381d"},
    {file = "hiredis-2.0.0-pp36-pypy36_pp73-win32.whl", hash = "sha256:07bbf9bdcb82239f319b1f09e8ef4bdfaec50ed7d7ea51a56438f39193271163"},
    {file = "hiredis-2.0.0-pp37-pypy37_pp73-macosx_10_9_x86_64.whl", hash = "sha256:807b3096205c7cec861c8803a6738e33ed86c9aae76cac0e19454245a6bbbc0a"},
    {file = "hiredis-2.0.0-pp37-pypy37_pp73-manylinux1_x86_64.whl", hash = "sha256:1233e303645f468e399ec906b6b48ab7cd8391aae2d08daadbb5cad6ace4bd87"},
    {file = "hiredis-2.0.0-pp37-pypy37_pp73-manylinux2010_x86_64.whl", hash = "sha256:cb2126603091902767d96bcb74093bd8b14982f41809f85c9b96e519c7e1dc41"},
    {file = "hiredis-2.0.0-pp37-pypy37_pp73-win32.whl", hash = "sha256:f52010e0a44e3d8530437e7da38d11fb822acfb0d5b12e9cd5ba655509937ca0"},
    {file = "hiredis-2.0.0.tar.gz", hash = "sha256:81d6d8e39695f2c37954d1011c0480ef7cf444d4e3ae24bc5e89ee5de360139a"},
]
iniconfig = [
    {file = "iniconfig-1.1.1-py2.py3-none-any.whl", hash = "sha256:011e24c64b7f47f6ebd835bb12a743f2fbe9a26d4cecaa7f53bc4f35ee9da8b3"},
    {file = "iniconfig-1.1.1.tar.gz", hash = "sha256:bc3af051d7d14b2ee5ef9969666def0cd1a000e121eaea580d4a313df4b37f32"},
]
invoke = [
    {file = "invoke-1.6.0-py2-none-any.whl", hash = "sha256:e6c9917a1e3e73e7ea91fdf82d5f151ccfe85bf30cc65cdb892444c02dbb5f74"},
    {file = "invoke-1.6.0-py3-none-any.whl", hash = "sha256:769e90caeb1bd07d484821732f931f1ad8916a38e3f3e618644687fc09cb6317"},
    {file = "invoke-1.6.0.tar.gz", hash = "sha256:374d1e2ecf78981da94bfaf95366216aaec27c2d6a7b7d5818d92da55aa258d3"},
]
isort = [
    {file = "isort-5.10.1-py3-none-any.whl", hash = "sha256:6f62d78e2f89b4500b080fe3a81690850cd254227f27f75c3a0c491a1f351ba7"},
    {file = "isort-5.10.1.tar.gz", hash = "sha256:e8443a5e7a020e9d7f97f1d7d9cd17c88bcb3bc7e218bf9cf5095fe550be2951"},
]
packaging = [
    {file = "packaging-21.2-py3-none-any.whl", hash = "sha256:14317396d1e8cdb122989b916fa2c7e9ca8e2be9e8060a6eff75b6b7b4d8a7e0"},
    {file = "packaging-21.2.tar.gz", hash = "sha256:096d689d78ca690e4cd8a89568ba06d07ca097e3306a4381635073ca91479966"},
]
platformdirs = [
    {file = "platformdirs-2.4.0-py3-none-any.whl", hash = "sha256:8868bbe3c3c80d42f20156f22e7131d2fb321f5bc86a2a345375c6481a67021d"},
    {file = "platformdirs-2.4.0.tar.gz", hash = "sha256:367a5e80b3d04d2428ffa76d33f124cf11e8fff2acdaa9b43d545f5c7d661ef2"},
]
pluggy = [
    {file = "pluggy-1.0.0-py2.py3-none-any.whl", hash = "sha256:74134bbf457f031a36d68416e1509f34bd5ccc019f0bcc952c7b909d06b37bd3"},
    {file = "pluggy-1.0.0.tar.gz", hash = "sha256:4224373bacce55f955a878bf9cfa763c1e360858e330072059e10bad68531159"},
]
py = [
    {file = "py-1.11.0-py2.py3-none-any.whl", hash = "sha256:607c53218732647dff4acdfcd50cb62615cedf612e72d1724fb1a0cc6405b378"},
    {file = "py-1.11.0.tar.gz", hash = "sha256:51c75c4126074b472f746a24399ad32f6053d1b34b68d2fa41e558e6f4a98719"},
]
pyflakes = [
    {file = "pyflakes-2.4.0-py2.py3-none-any.whl", hash = "sha256:3bb3a3f256f4b7968c9c788781e4ff07dce46bdf12339dcda61053375426ee2e"},
    {file = "pyflakes-2.4.0.tar.gz", hash = "sha256:05a85c2872edf37a4ed30b0cce2f6093e1d0581f8c19d7393122da7e25b2b24c"},
]
pyparsing = [
    {file = "pyparsing-2.4.7-py2.py3-none-any.whl", hash = "sha256:ef9d7589ef3c200abe66653d3f1ab1033c3c419ae9b9bdb1240a85b024efc88b"},
    {file = "pyparsing-2.4.7.tar.gz", hash = "sha256:c203ec8783bf771a155b207279b9bccb8dea02d8f0c9e5f8ead507bc3246ecc1"},
]
pytest = [
    {file = "pytest-6.2.5-py3-none-any.whl", hash = "sha256:7310f8d27bc79ced999e760ca304d69f6ba6c6649c0b60fb0e04a4a77cacc134"},
    {file = "pytest-6.2.5.tar.gz", hash = "sha256:131b36680866a76e6781d13f101efb86cf674ebb9762eb70d3082b6f29889e89"},
]
pytest-asyncio = [
    {file = "pytest-asyncio-0.15.1.tar.gz", hash = "sha256:2564ceb9612bbd560d19ca4b41347b54e7835c2f792c504f698e05395ed63f6f"},
    {file = "pytest_asyncio-0.15.1-py3-none-any.whl", hash = "sha256:3042bcdf1c5d978f6b74d96a151c4cfb9dcece65006198389ccd7e6c60eb1eea"},
]
pytest-cov = [
    {file = "pytest-cov-2.12.1.tar.gz", hash = "sha256:261ceeb8c227b726249b376b8526b600f38667ee314f910353fa318caa01f4d7"},
    {file = "pytest_cov-2.12.1-py2.py3-none-any.whl", hash = "sha256:261bb9e47e65bd099c89c3edf92972865210c36813f80ede5277dceb77a4a62a"},
]
pytest-forked = [
    {file = "pytest-forked-1.3.0.tar.gz", hash = "sha256:6aa9ac7e00ad1a539c41bec6d21011332de671e938c7637378ec9710204e37ca"},
    {file = "pytest_forked-1.3.0-py2.py3-none-any.whl", hash = "sha256:dc4147784048e70ef5d437951728825a131b81714b398d5d52f17c7c144d8815"},
]
pytest-xdist = [
    {file = "pytest-xdist-2.4.0.tar.gz", hash = "sha256:89b330316f7fc475f999c81b577c2b926c9569f3d397ae432c0c2e2496d61ff9"},
    {file = "pytest_xdist-2.4.0-py3-none-any.whl", hash = "sha256:7b61ebb46997a0820a263553179d6d1e25a8c50d8a8620cd1aa1e20e3be99168"},
]
six = [
    {file = "six-1.16.0-py2.py3-none-any.whl", hash = "sha256:8abb2f1d86890a2dfb989f9a77cfcfd3e47c2a354b01111771326f8aa26e0254"},
    {file = "six-1.16.0.tar.gz", hash = "sha256:1e61c37477a1626458e36f7b1d82aa5c9b094fa4802892072e49de9c60c4c926"},
]
toml = [
    {file = "toml-0.10.2-py2.py3-none-any.whl", hash = "sha256:806143ae5bfb6a3c6e736a764057db0e6a0e05e338b5630894a5f779cabb4f9b"},
    {file = "toml-0.10.2.tar.gz", hash = "sha256:b3bda1d108d5dd99f4a20d24d9c348e91c4db7ab1b749200bded2f839ccbe68f"},
]
toolz = [
    {file = "toolz-0.11.2-py3-none-any.whl", hash = "sha256:a5700ce83414c64514d82d60bcda8aabfde092d1c1a8663f9200c07fdcc6da8f"},
    {file = "toolz-0.11.2.tar.gz", hash = "sha256:6b312d5e15138552f1bda8a4e66c30e236c831b612b2bf0005f8a1df10a4bc33"},
]
tox = [
    {file = "tox-3.24.4-py2.py3-none-any.whl", hash = "sha256:5e274227a53dc9ef856767c21867377ba395992549f02ce55eb549f9fb9a8d10"},
    {file = "tox-3.24.4.tar.gz", hash = "sha256:c30b57fa2477f1fb7c36aa1d83292d5c2336cd0018119e1b1c17340e2c2708ca"},
]
typing-extensions = [
    {file = "typing_extensions-4.0.0-py3-none-any.whl", hash = "sha256:829704698b22e13ec9eaf959122315eabb370b0884400e9818334d8b677023d9"},
    {file = "typing_extensions-4.0.0.tar.gz", hash = "sha256:2cdf80e4e04866a9b3689a51869016d36db0814d84b8d8a568d22781d45d27ed"},
]
ujson = [
    {file = "ujson-4.2.0-cp310-cp310-macosx_10_14_x86_64.whl", hash = "sha256:02f5a6acc5aa5b054c32bdccd17064c2cbd07c81b3a49449589a4552888f1961"},
    {file = "ujson-4.2.0-cp310-cp310-manylinux_2_17_aarch64.manylinux2014_aarch64.whl", hash = "sha256:e7c8cffd9e45248569fa576d19b043951a3edc67cbee3dca2a6b77e6998cb1ec"},
    {file = "ujson-4.2.0-cp310-cp310-manylinux_2_17_x86_64.manylinux2014_x86_64.whl", hash = "sha256:d0abc1526d32ebe2f2b6fefcf82b9ee8661da3f45ecac087beee6aeaa21b39ec"},
    {file = "ujson-4.2.0-cp310-cp310-manylinux_2_5_i686.manylinux1_i686.manylinux_2_17_i686.manylinux2014_i686.whl", hash = "sha256:26ebe3ac1e0d18d58e11dbf7cdd0459adcefd5c025ede99be7fceae47bd1bfc6"},
    {file = "ujson-4.2.0-cp310-cp310-musllinux_1_1_aarch64.whl", hash = "sha256:6e8c30186eaa4f982b9b56cad30b173b71aac9d6a393d97cbcbc4ca805e87943"},
    {file = "ujson-4.2.0-cp310-cp310-musllinux_1_1_x86_64.whl", hash = "sha256:0db1acd8dbbf120095ce4ab118585219066ea2860332df2385a435c585036cae"},
    {file = "ujson-4.2.0-cp310-cp310-win32.whl", hash = "sha256:68088596e237dcda862c1760d1feb2236a8cc36804507a9fcfaa3ed21442ff64"},
    {file = "ujson-4.2.0-cp310-cp310-win_amd64.whl", hash = "sha256:dd98d659365fb9271d9f9ba21160670ddfecb93deaec8a5350519a0ab3604654"},
    {file = "ujson-4.2.0-cp36-cp36m-macosx_10_14_x86_64.whl", hash = "sha256:42f8def3e44d880774f644b53b4701a46889a9506e3fdc191c314c9e2e9b2a38"},
    {file = "ujson-4.2.0-cp36-cp36m-manylinux_2_17_aarch64.manylinux2014_aarch64.whl", hash = "sha256:bc9e2e6933ecec17a7d351116f555caee84b798076a4c5276ab1e8654c83bd90"},
    {file = "ujson-4.2.0-cp36-cp36m-manylinux_2_17_x86_64.manylinux2014_x86_64.whl", hash = "sha256:adca402a97b8388c378d92c55b2bf4e8402baa5dfa059a85870a41e2f142a0d0"},
    {file = "ujson-4.2.0-cp36-cp36m-manylinux_2_5_i686.manylinux1_i686.manylinux_2_17_i686.manylinux2014_i686.whl", hash = "sha256:0076de81aadc287f025525969bbc1272703be92933e988e5663a76ec5863628f"},
    {file = "ujson-4.2.0-cp36-cp36m-musllinux_1_1_aarch64.whl", hash = "sha256:ff0ae4b1dc70c3362b04f4127e228b17e84946de611f85b32f565b990762deaf"},
    {file = "ujson-4.2.0-cp36-cp36m-musllinux_1_1_x86_64.whl", hash = "sha256:40235c3704ac7f29b24a7a785f856e1c45a567c8cd4b57a025f516733e358972"},
    {file = "ujson-4.2.0-cp36-cp36m-win32.whl", hash = "sha256:32f4340c8d6a34e7fa1f9447919ebd4b6256afef0965868d51ea3cdf0694a8f7"},
    {file = "ujson-4.2.0-cp36-cp36m-win_amd64.whl", hash = "sha256:bac42d0131740b6f1d2b6a15f770c1fef0db97d05aba8564f3c75bb59a9c91c7"},
    {file = "ujson-4.2.0-cp37-cp37m-macosx_10_14_x86_64.whl", hash = "sha256:0ebc82847938e417092fd463e593da39a280fd12585b998e435a2a45bb7a33f7"},
    {file = "ujson-4.2.0-cp37-cp37m-manylinux_2_17_aarch64.manylinux2014_aarch64.whl", hash = "sha256:6bccfff9910fbe3dae6a17ec080c48fca0bfe939b18e4b2622122109d4d2570d"},
    {file = "ujson-4.2.0-cp37-cp37m-manylinux_2_17_x86_64.manylinux2014_x86_64.whl", hash = "sha256:8ec19982b7a40fb526b8ffd6edfff2c5c10556a54416d554c4bc83b1e4140a4c"},
    {file = "ujson-4.2.0-cp37-cp37m-manylinux_2_5_i686.manylinux1_i686.manylinux_2_17_i686.manylinux2014_i686.whl", hash = "sha256:3697cae44a92c2264cf307d4cdd9ea436faa75a009d35a4097362a6bbf221a1b"},
    {file = "ujson-4.2.0-cp37-cp37m-musllinux_1_1_aarch64.whl", hash = "sha256:b55dde52028f3c426197b9a928618fbb2b548172eb45824ddb19cdcdf8e493f9"},
    {file = "ujson-4.2.0-cp37-cp37m-musllinux_1_1_x86_64.whl", hash = "sha256:d9a0252da73d8b69de60811252cbfde215d76ee6eea935a519e223353352026c"},
    {file = "ujson-4.2.0-cp37-cp37m-win32.whl", hash = "sha256:a6e27ff0f92c719de004b806d84f471fff0157679e57517092b8f89345eb3a79"},
    {file = "ujson-4.2.0-cp37-cp37m-win_amd64.whl", hash = "sha256:50f413177206373b3568dff28c091b2d8c9145e5e54b0a524d3823293d7a29b8"},
    {file = "ujson-4.2.0-cp38-cp38-macosx_10_14_x86_64.whl", hash = "sha256:944dfdfae0cb4e4274a23e5070be913f7ff8f05666d8d143f2356cf873f9a77a"},
    {file = "ujson-4.2.0-cp38-cp38-manylinux_2_17_aarch64.manylinux2014_aarch64.whl", hash = "sha256:50ddff58727cc4f90ade4c818884c4f0fbeeb1f78f764ab2b2bc89cf1f4db126"},
    {file = "ujson-4.2.0-cp38-cp38-manylinux_2_17_x86_64.manylinux2014_x86_64.whl", hash = "sha256:78f8da27231b20d589319f743bd65011862691c102922be85c9f27e40656a0f7"},
    {file = "ujson-4.2.0-cp38-cp38-manylinux_2_5_i686.manylinux1_i686.manylinux_2_17_i686.manylinux2014_i686.whl", hash = "sha256:99322e08e53580867c9909637747343354b7028a8208dc5df3d09233c8f52c30"},
    {file = "ujson-4.2.0-cp38-cp38-musllinux_1_1_aarch64.whl", hash = "sha256:5f863b12d27867b733d380a9878fc8c3ad11d3aea8a3650c33e7a8c2a888e1eb"},
    {file = "ujson-4.2.0-cp38-cp38-musllinux_1_1_x86_64.whl", hash = "sha256:c53653a12f6ce67b12e7806c190cce1db09c75de31212a5a9adbdbd7a2aba116"},
    {file = "ujson-4.2.0-cp38-cp38-win32.whl", hash = "sha256:c9723a5e2743ded9bc6106cb04f86244dd779ad847d8ac189cfe808ab16946c1"},
    {file = "ujson-4.2.0-cp38-cp38-win_amd64.whl", hash = "sha256:fae1e251d9f9362ebc4adbbb252d0f4a023f66f180390624826fcb1812b808e9"},
    {file = "ujson-4.2.0-cp39-cp39-macosx_10_14_x86_64.whl", hash = "sha256:ab70a29914fc202f7c8f6353bb0622b91f878e2892e57a4c7293b341d5a85133"},
    {file = "ujson-4.2.0-cp39-cp39-manylinux_2_17_aarch64.manylinux2014_aarch64.whl", hash = "sha256:cf272e6302c62a42ed0125efcc1d891dd909bcfb3c6aa075d89de209b2b8e930"},
    {file = "ujson-4.2.0-cp39-cp39-manylinux_2_17_x86_64.manylinux2014_x86_64.whl", hash = "sha256:6182898d7031d083017f9be47c6d57f9c2155d9f4391b77ed6c020cab8e5a471"},
    {file = "ujson-4.2.0-cp39-cp39-manylinux_2_5_i686.manylinux1_i686.manylinux_2_17_i686.manylinux2014_i686.whl", hash = "sha256:5a885675252e041e19cb92ff76419251fdd1ab4c2ca9766cb3ecfa6ae07884d2"},
    {file = "ujson-4.2.0-cp39-cp39-musllinux_1_1_aarch64.whl", hash = "sha256:535f1e5b336f7a0573da59bd9352e9cc6a93185bf4b1d96fb3379e07b4fc619a"},
    {file = "ujson-4.2.0-cp39-cp39-musllinux_1_1_x86_64.whl", hash = "sha256:26e299caa9bfc2e532e16de38de2af48cde48258922cda5efc0dd447d42692fc"},
    {file = "ujson-4.2.0-cp39-cp39-win32.whl", hash = "sha256:fa68b25c987b73fb1c83ece34e52856c2c6da3031384f72638696c56fa8baca9"},
    {file = "ujson-4.2.0-cp39-cp39-win_amd64.whl", hash = "sha256:c7b2643b063f33e5e0d539cf2811793a7df9da525e63483f70c9262a343bd59d"},
    {file = "ujson-4.2.0-pp37-pypy37_pp73-manylinux_2_17_aarch64.manylinux2014_aarch64.whl", hash = "sha256:0d61ae7a505105a16220a4282dbd552bef76968203e5e4f5edfdbb03d3159e3a"},
    {file = "ujson-4.2.0-pp37-pypy37_pp73-manylinux_2_17_x86_64.manylinux2014_x86_64.whl", hash = "sha256:bff484c162bd77877bc9ae6333b0a684493037ce3c5d8b664e8339becf9ad139"},
    {file = "ujson-4.2.0-pp37-pypy37_pp73-manylinux_2_5_i686.manylinux1_i686.manylinux_2_17_i686.manylinux2014_i686.whl", hash = "sha256:74961587e9c1682d3e04fe29e02b67ec9c88cb0c3406ad94cc617d04c6fa6db2"},
    {file = "ujson-4.2.0.tar.gz", hash = "sha256:fffe509f556861c7343c6cba57ed05fe7bcf4b48a934a5b946ccb45428cf8883"},
]
virtualenv = [
    {file = "virtualenv-20.10.0-py2.py3-none-any.whl", hash = "sha256:4b02e52a624336eece99c96e3ab7111f469c24ba226a53ec474e8e787b365814"},
    {file = "virtualenv-20.10.0.tar.gz", hash = "sha256:576d05b46eace16a9c348085f7d0dc8ef28713a2cabaa1cf0aea41e8f12c9218"},
]
vulture = [
    {file = "vulture-2.3-py2.py3-none-any.whl", hash = "sha256:f39de5e6f1df1f70c3b50da54f1c8d494159e9ca3d01a9b89eac929600591703"},
    {file = "vulture-2.3.tar.gz", hash = "sha256:03d5a62bcbe9ceb9a9b0575f42d71a2d414070229f2e6f95fa6e7c71aaaed967"},
]
yapf = [
    {file = "yapf-0.31.0-py2.py3-none-any.whl", hash = "sha256:e3a234ba8455fe201eaa649cdac872d590089a18b661e39bbac7020978dd9c2e"},
    {file = "yapf-0.31.0.tar.gz", hash = "sha256:408fb9a2b254c302f49db83c59f9aa0b4b0fd0ec25be3a5c51181327922ff63d"},
]
